// !$*UTF8*$!
{
	archiveVersion = 1;
	classes = {
	};
	objectVersion = 46;
	objects = {

/* Begin PBXBuildFile section */
		1B70138E0A4B2D2BF30B8713 /* Pods_theiostmdb.framework in Frameworks */ = {isa = PBXBuildFile; fileRef = 93994B95D987E5AB2A5010F8 /* Pods_theiostmdb.framework */; };
		AE3344661E72C46400997CB5 /* AppDelegate.swift in Sources */ = {isa = PBXBuildFile; fileRef = AE3344651E72C46400997CB5 /* AppDelegate.swift */; };
		AE3344681E72C46400997CB5 /* ViewController.swift in Sources */ = {isa = PBXBuildFile; fileRef = AE3344671E72C46400997CB5 /* ViewController.swift */; };
		AE33446B1E72C46400997CB5 /* Main.storyboard in Resources */ = {isa = PBXBuildFile; fileRef = AE3344691E72C46400997CB5 /* Main.storyboard */; };
		AE33446D1E72C46400997CB5 /* Assets.xcassets in Resources */ = {isa = PBXBuildFile; fileRef = AE33446C1E72C46400997CB5 /* Assets.xcassets */; };
		AE3344701E72C46400997CB5 /* LaunchScreen.storyboard in Resources */ = {isa = PBXBuildFile; fileRef = AE33446E1E72C46400997CB5 /* LaunchScreen.storyboard */; };
		AE33447C1E72C60000997CB5 /* Film.swift in Sources */ = {isa = PBXBuildFile; fileRef = AE33447B1E72C60000997CB5 /* Film.swift */; };
		AE33447E1E72D1DA00997CB5 /* NetworkService.swift in Sources */ = {isa = PBXBuildFile; fileRef = AE33447D1E72D1DA00997CB5 /* NetworkService.swift */; };
		AE3344801E72D26600997CB5 /* Alamofire.framework in Frameworks */ = {isa = PBXBuildFile; fileRef = AE33447F1E72D26600997CB5 /* Alamofire.framework */; };
		AEBEACC81E78403F00992CDF /* BaseViewController.swift in Sources */ = {isa = PBXBuildFile; fileRef = AEBEACC71E78403F00992CDF /* BaseViewController.swift */; };
		AEBEACCA1E7847DE00992CDF /* FilmViewModel.swift in Sources */ = {isa = PBXBuildFile; fileRef = AEBEACC91E7847DE00992CDF /* FilmViewModel.swift */; };
		AEBEACCC1E78504300992CDF /* FilmViewCell.swift in Sources */ = {isa = PBXBuildFile; fileRef = AEBEACCB1E78504300992CDF /* FilmViewCell.swift */; };
/* End PBXBuildFile section */

/* Begin PBXFileReference section */
		32A74015F79131E9FB3AED2D /* Pods-theiostmdb.debug.xcconfig */ = {isa = PBXFileReference; includeInIndex = 1; lastKnownFileType = text.xcconfig; name = "Pods-theiostmdb.debug.xcconfig"; path = "Pods/Target Support Files/Pods-theiostmdb/Pods-theiostmdb.debug.xcconfig"; sourceTree = "<group>"; };
		6918F77D5A0F94F6F77A0B9A /* Pods-theiostmdb.release.xcconfig */ = {isa = PBXFileReference; includeInIndex = 1; lastKnownFileType = text.xcconfig; name = "Pods-theiostmdb.release.xcconfig"; path = "Pods/Target Support Files/Pods-theiostmdb/Pods-theiostmdb.release.xcconfig"; sourceTree = "<group>"; };
		93994B95D987E5AB2A5010F8 /* Pods_theiostmdb.framework */ = {isa = PBXFileReference; explicitFileType = wrapper.framework; includeInIndex = 0; path = Pods_theiostmdb.framework; sourceTree = BUILT_PRODUCTS_DIR; };
		AE3344621E72C46400997CB5 /* theiostmdb.app */ = {isa = PBXFileReference; explicitFileType = wrapper.application; includeInIndex = 0; path = theiostmdb.app; sourceTree = BUILT_PRODUCTS_DIR; };
		AE3344651E72C46400997CB5 /* AppDelegate.swift */ = {isa = PBXFileReference; lastKnownFileType = sourcecode.swift; path = AppDelegate.swift; sourceTree = "<group>"; };
		AE3344671E72C46400997CB5 /* ViewController.swift */ = {isa = PBXFileReference; lastKnownFileType = sourcecode.swift; path = ViewController.swift; sourceTree = "<group>"; };
		AE33446A1E72C46400997CB5 /* Base */ = {isa = PBXFileReference; lastKnownFileType = file.storyboard; name = Base; path = Base.lproj/Main.storyboard; sourceTree = "<group>"; };
		AE33446C1E72C46400997CB5 /* Assets.xcassets */ = {isa = PBXFileReference; lastKnownFileType = folder.assetcatalog; path = Assets.xcassets; sourceTree = "<group>"; };
		AE33446F1E72C46400997CB5 /* Base */ = {isa = PBXFileReference; lastKnownFileType = file.storyboard; name = Base; path = Base.lproj/LaunchScreen.storyboard; sourceTree = "<group>"; };
		AE3344711E72C46400997CB5 /* Info.plist */ = {isa = PBXFileReference; lastKnownFileType = text.plist.xml; path = Info.plist; sourceTree = "<group>"; };
		AE33447B1E72C60000997CB5 /* Film.swift */ = {isa = PBXFileReference; fileEncoding = 4; lastKnownFileType = sourcecode.swift; path = Film.swift; sourceTree = "<group>"; };
		AE33447D1E72D1DA00997CB5 /* NetworkService.swift */ = {isa = PBXFileReference; fileEncoding = 4; lastKnownFileType = sourcecode.swift; path = NetworkService.swift; sourceTree = "<group>"; };
		AE33447F1E72D26600997CB5 /* Alamofire.framework */ = {isa = PBXFileReference; lastKnownFileType = wrapper.framework; name = Alamofire.framework; path = "../../../../Library/Developer/Xcode/DerivedData/theiostmdb-fvjkphqtoxbbovaddardbppgotil/Build/Products/Debug-iphonesimulator/Alamofire/Alamofire.framework"; sourceTree = "<group>"; };
		AEBEACC71E78403F00992CDF /* BaseViewController.swift */ = {isa = PBXFileReference; fileEncoding = 4; lastKnownFileType = sourcecode.swift; path = BaseViewController.swift; sourceTree = "<group>"; };
		AEBEACC91E7847DE00992CDF /* FilmViewModel.swift */ = {isa = PBXFileReference; fileEncoding = 4; lastKnownFileType = sourcecode.swift; path = FilmViewModel.swift; sourceTree = "<group>"; };
		AEBEACCB1E78504300992CDF /* FilmViewCell.swift */ = {isa = PBXFileReference; fileEncoding = 4; lastKnownFileType = sourcecode.swift; path = FilmViewCell.swift; sourceTree = "<group>"; };
/* End PBXFileReference section */

/* Begin PBXFrameworksBuildPhase section */
		AE33445F1E72C46400997CB5 /* Frameworks */ = {
			isa = PBXFrameworksBuildPhase;
			buildActionMask = 2147483647;
			files = (
				AE3344801E72D26600997CB5 /* Alamofire.framework in Frameworks */,
				1B70138E0A4B2D2BF30B8713 /* Pods_theiostmdb.framework in Frameworks */,
			);
			runOnlyForDeploymentPostprocessing = 0;
		};
/* End PBXFrameworksBuildPhase section */

/* Begin PBXGroup section */
		79A2A3DD80CD55E90B490F62 /* Pods */ = {
			isa = PBXGroup;
			children = (
				32A74015F79131E9FB3AED2D /* Pods-theiostmdb.debug.xcconfig */,
				6918F77D5A0F94F6F77A0B9A /* Pods-theiostmdb.release.xcconfig */,
			);
			name = Pods;
			sourceTree = "<group>";
		};
		AE3344591E72C46400997CB5 = {
			isa = PBXGroup;
			children = (
				AE3344641E72C46400997CB5 /* theiostmdb */,
				AE3344631E72C46400997CB5 /* Products */,
				79A2A3DD80CD55E90B490F62 /* Pods */,
				F1857F5BD941C7E4903CC8EA /* Frameworks */,
			);
			sourceTree = "<group>";
		};
		AE3344631E72C46400997CB5 /* Products */ = {
			isa = PBXGroup;
			children = (
				AE3344621E72C46400997CB5 /* theiostmdb.app */,
			);
			name = Products;
			sourceTree = "<group>";
		};
		AE3344641E72C46400997CB5 /* theiostmdb */ = {
			isa = PBXGroup;
			children = (
				AEBEAC801E78121E00992CDF /* ViewModel */,
				AE3344791E72C59400997CB5 /* View */,
				AE3344781E72C58D00997CB5 /* Model */,
				AE3344771E72C57C00997CB5 /* NetworkService */,
				AE3344651E72C46400997CB5 /* AppDelegate.swift */,
				AE3344671E72C46400997CB5 /* ViewController.swift */,
				AE3344691E72C46400997CB5 /* Main.storyboard */,
				AE33446C1E72C46400997CB5 /* Assets.xcassets */,
				AE33446E1E72C46400997CB5 /* LaunchScreen.storyboard */,
				AE3344711E72C46400997CB5 /* Info.plist */,
				AEBEACC71E78403F00992CDF /* BaseViewController.swift */,
			);
			path = theiostmdb;
			sourceTree = "<group>";
		};
		AE3344771E72C57C00997CB5 /* NetworkService */ = {
			isa = PBXGroup;
			children = (
				AE33447D1E72D1DA00997CB5 /* NetworkService.swift */,
			);
			name = NetworkService;
			sourceTree = "<group>";
		};
		AE3344781E72C58D00997CB5 /* Model */ = {
			isa = PBXGroup;
			children = (
				AE33447B1E72C60000997CB5 /* Film.swift */,
			);
			name = Model;
			sourceTree = "<group>";
		};
		AE3344791E72C59400997CB5 /* View */ = {
			isa = PBXGroup;
			children = (
				AEBEACCB1E78504300992CDF /* FilmViewCell.swift */,
			);
			name = View;
			sourceTree = "<group>";
		};
		AEBEAC801E78121E00992CDF /* ViewModel */ = {
			isa = PBXGroup;
			children = (
				AEBEACC91E7847DE00992CDF /* FilmViewModel.swift */,
			);
			name = ViewModel;
			sourceTree = "<group>";
		};
		F1857F5BD941C7E4903CC8EA /* Frameworks */ = {
			isa = PBXGroup;
			children = (
				AE33447F1E72D26600997CB5 /* Alamofire.framework */,
				93994B95D987E5AB2A5010F8 /* Pods_theiostmdb.framework */,
			);
			name = Frameworks;
			sourceTree = "<group>";
		};
/* End PBXGroup section */

/* Begin PBXNativeTarget section */
		AE3344611E72C46400997CB5 /* theiostmdb */ = {
			isa = PBXNativeTarget;
			buildConfigurationList = AE3344741E72C46400997CB5 /* Build configuration list for PBXNativeTarget "theiostmdb" */;
			buildPhases = (
				DA40B69C7F1EEBB30118D07C /* [CP] Check Pods Manifest.lock */,
				AE33445E1E72C46400997CB5 /* Sources */,
				AE33445F1E72C46400997CB5 /* Frameworks */,
				AE3344601E72C46400997CB5 /* Resources */,
				23ACA24731012323A20B6CF2 /* [CP] Embed Pods Frameworks */,
				6FCF0D00D7F15613B9B35B26 /* [CP] Copy Pods Resources */,
			);
			buildRules = (
			);
			dependencies = (
			);
			name = theiostmdb;
			productName = theiostmdb;
			productReference = AE3344621E72C46400997CB5 /* theiostmdb.app */;
			productType = "com.apple.product-type.application";
		};
/* End PBXNativeTarget section */

/* Begin PBXProject section */
		AE33445A1E72C46400997CB5 /* Project object */ = {
			isa = PBXProject;
			attributes = {
				LastSwiftUpdateCheck = 0820;
				LastUpgradeCheck = 0820;
				TargetAttributes = {
					AE3344611E72C46400997CB5 = {
						CreatedOnToolsVersion = 8.2.1;
						ProvisioningStyle = Automatic;
					};
				};
			};
			buildConfigurationList = AE33445D1E72C46400997CB5 /* Build configuration list for PBXProject "theiostmdb" */;
			compatibilityVersion = "Xcode 3.2";
			developmentRegion = English;
			hasScannedForEncodings = 0;
			knownRegions = (
				en,
				Base,
			);
			mainGroup = AE3344591E72C46400997CB5;
			productRefGroup = AE3344631E72C46400997CB5 /* Products */;
			projectDirPath = "";
			projectRoot = "";
			targets = (
				AE3344611E72C46400997CB5 /* theiostmdb */,
			);
		};
/* End PBXProject section */

/* Begin PBXResourcesBuildPhase section */
		AE3344601E72C46400997CB5 /* Resources */ = {
			isa = PBXResourcesBuildPhase;
			buildActionMask = 2147483647;
			files = (
				AE3344701E72C46400997CB5 /* LaunchScreen.storyboard in Resources */,
				AE33446D1E72C46400997CB5 /* Assets.xcassets in Resources */,
				AE33446B1E72C46400997CB5 /* Main.storyboard in Resources */,
			);
			runOnlyForDeploymentPostprocessing = 0;
		};
/* End PBXResourcesBuildPhase section */

/* Begin PBXShellScriptBuildPhase section */
		23ACA24731012323A20B6CF2 /* [CP] Embed Pods Frameworks */ = {
			isa = PBXShellScriptBuildPhase;
			buildActionMask = 2147483647;
			files = (
			);
			inputPaths = (
			);
			name = "[CP] Embed Pods Frameworks";
			outputPaths = (
			);
			runOnlyForDeploymentPostprocessing = 0;
			shellPath = /bin/sh;
			shellScript = "\"${SRCROOT}/Pods/Target Support Files/Pods-theiostmdb/Pods-theiostmdb-frameworks.sh\"\n";
			showEnvVarsInLog = 0;
		};
		6FCF0D00D7F15613B9B35B26 /* [CP] Copy Pods Resources */ = {
			isa = PBXShellScriptBuildPhase;
			buildActionMask = 2147483647;
			files = (
			);
			inputPaths = (
			);
			name = "[CP] Copy Pods Resources";
			outputPaths = (
			);
			runOnlyForDeploymentPostprocessing = 0;
			shellPath = /bin/sh;
			shellScript = "\"${SRCROOT}/Pods/Target Support Files/Pods-theiostmdb/Pods-theiostmdb-resources.sh\"\n";
			showEnvVarsInLog = 0;
		};
		DA40B69C7F1EEBB30118D07C /* [CP] Check Pods Manifest.lock */ = {
			isa = PBXShellScriptBuildPhase;
			buildActionMask = 2147483647;
			files = (
			);
			inputPaths = (
			);
			name = "[CP] Check Pods Manifest.lock";
			outputPaths = (
			);
			runOnlyForDeploymentPostprocessing = 0;
			shellPath = /bin/sh;
			shellScript = "diff \"${PODS_ROOT}/../Podfile.lock\" \"${PODS_ROOT}/Manifest.lock\" > /dev/null\nif [ $? != 0 ] ; then\n    # print error to STDERR\n    echo \"error: The sandbox is not in sync with the Podfile.lock. Run 'pod install' or update your CocoaPods installation.\" >&2\n    exit 1\nfi\n";
			showEnvVarsInLog = 0;
		};
/* End PBXShellScriptBuildPhase section */

/* Begin PBXSourcesBuildPhase section */
		AE33445E1E72C46400997CB5 /* Sources */ = {
			isa = PBXSourcesBuildPhase;
			buildActionMask = 2147483647;
			files = (
				AEBEACCA1E7847DE00992CDF /* FilmViewModel.swift in Sources */,
				AEBEACC81E78403F00992CDF /* BaseViewController.swift in Sources */,
				AE3344681E72C46400997CB5 /* ViewController.swift in Sources */,
				AEBEACCC1E78504300992CDF /* FilmViewCell.swift in Sources */,
				AE33447C1E72C60000997CB5 /* Film.swift in Sources */,
				AE33447E1E72D1DA00997CB5 /* NetworkService.swift in Sources */,
				AE3344661E72C46400997CB5 /* AppDelegate.swift in Sources */,
			);
			runOnlyForDeploymentPostprocessing = 0;
		};
/* End PBXSourcesBuildPhase section */

/* Begin PBXVariantGroup section */
		AE3344691E72C46400997CB5 /* Main.storyboard */ = {
			isa = PBXVariantGroup;
			children = (
				AE33446A1E72C46400997CB5 /* Base */,
			);
			name = Main.storyboard;
			sourceTree = "<group>";
		};
		AE33446E1E72C46400997CB5 /* LaunchScreen.storyboard */ = {
			isa = PBXVariantGroup;
			children = (
				AE33446F1E72C46400997CB5 /* Base */,
			);
			name = LaunchScreen.storyboard;
			sourceTree = "<group>";
		};
/* End PBXVariantGroup section */

/* Begin XCBuildConfiguration section */
		AE3344721E72C46400997CB5 /* Debug */ = {
			isa = XCBuildConfiguration;
			buildSettings = {
				ALWAYS_SEARCH_USER_PATHS = NO;
				CLANG_ANALYZER_NONNULL = YES;
				CLANG_CXX_LANGUAGE_STANDARD = "gnu++0x";
				CLANG_CXX_LIBRARY = "libc++";
				CLANG_ENABLE_MODULES = YES;
				CLANG_ENABLE_OBJC_ARC = YES;
				CLANG_WARN_BOOL_CONVERSION = YES;
				CLANG_WARN_CONSTANT_CONVERSION = YES;
				CLANG_WARN_DIRECT_OBJC_ISA_USAGE = YES_ERROR;
				CLANG_WARN_DOCUMENTATION_COMMENTS = YES;
				CLANG_WARN_EMPTY_BODY = YES;
				CLANG_WARN_ENUM_CONVERSION = YES;
				CLANG_WARN_INFINITE_RECURSION = YES;
				CLANG_WARN_INT_CONVERSION = YES;
				CLANG_WARN_OBJC_ROOT_CLASS = YES_ERROR;
				CLANG_WARN_SUSPICIOUS_MOVE = YES;
				CLANG_WARN_UNREACHABLE_CODE = YES;
				CLANG_WARN__DUPLICATE_METHOD_MATCH = YES;
				"CODE_SIGN_IDENTITY[sdk=iphoneos*]" = "iPhone Developer";
				COPY_PHASE_STRIP = NO;
				DEBUG_INFORMATION_FORMAT = dwarf;
				ENABLE_STRICT_OBJC_MSGSEND = YES;
				ENABLE_TESTABILITY = YES;
				GCC_C_LANGUAGE_STANDARD = gnu99;
				GCC_DYNAMIC_NO_PIC = NO;
				GCC_NO_COMMON_BLOCKS = YES;
				GCC_OPTIMIZATION_LEVEL = 0;
				GCC_PREPROCESSOR_DEFINITIONS = (
					"DEBUG=1",
					"$(inherited)",
				);
				GCC_WARN_64_TO_32_BIT_CONVERSION = YES;
				GCC_WARN_ABOUT_RETURN_TYPE = YES_ERROR;
				GCC_WARN_UNDECLARED_SELECTOR = YES;
				GCC_WARN_UNINITIALIZED_AUTOS = YES_AGGRESSIVE;
				GCC_WARN_UNUSED_FUNCTION = YES;
				GCC_WARN_UNUSED_VARIABLE = YES;
				INSTALL_OWNER = aitorpagan;
				IPHONEOS_DEPLOYMENT_TARGET = 10.2;
				MTL_ENABLE_DEBUG_INFO = YES;
				ONLY_ACTIVE_ARCH = YES;
				SDKROOT = iphoneos;
				SWIFT_ACTIVE_COMPILATION_CONDITIONS = DEBUG;
				SWIFT_OPTIMIZATION_LEVEL = "-Onone";
				TARGETED_DEVICE_FAMILY = "1,2";
			};
			name = Debug;
		};
		AE3344731E72C46400997CB5 /* Release */ = {
			isa = XCBuildConfiguration;
			buildSettings = {
				ALWAYS_SEARCH_USER_PATHS = NO;
				CLANG_ANALYZER_NONNULL = YES;
				CLANG_CXX_LANGUAGE_STANDARD = "gnu++0x";
				CLANG_CXX_LIBRARY = "libc++";
				CLANG_ENABLE_MODULES = YES;
				CLANG_ENABLE_OBJC_ARC = YES;
				CLANG_WARN_BOOL_CONVERSION = YES;
				CLANG_WARN_CONSTANT_CONVERSION = YES;
				CLANG_WARN_DIRECT_OBJC_ISA_USAGE = YES_ERROR;
				CLANG_WARN_DOCUMENTATION_COMMENTS = YES;
				CLANG_WARN_EMPTY_BODY = YES;
				CLANG_WARN_ENUM_CONVERSION = YES;
				CLANG_WARN_INFINITE_RECURSION = YES;
				CLANG_WARN_INT_CONVERSION = YES;
				CLANG_WARN_OBJC_ROOT_CLASS = YES_ERROR;
				CLANG_WARN_SUSPICIOUS_MOVE = YES;
				CLANG_WARN_UNREACHABLE_CODE = YES;
				CLANG_WARN__DUPLICATE_METHOD_MATCH = YES;
				"CODE_SIGN_IDENTITY[sdk=iphoneos*]" = "iPhone Developer";
				COPY_PHASE_STRIP = NO;
				DEBUG_INFORMATION_FORMAT = "dwarf-with-dsym";
				ENABLE_NS_ASSERTIONS = NO;
				ENABLE_STRICT_OBJC_MSGSEND = YES;
				GCC_C_LANGUAGE_STANDARD = gnu99;
				GCC_NO_COMMON_BLOCKS = YES;
				GCC_WARN_64_TO_32_BIT_CONVERSION = YES;
				GCC_WARN_ABOUT_RETURN_TYPE = YES_ERROR;
				GCC_WARN_UNDECLARED_SELECTOR = YES;
				GCC_WARN_UNINITIALIZED_AUTOS = YES_AGGRESSIVE;
				GCC_WARN_UNUSED_FUNCTION = YES;
				GCC_WARN_UNUSED_VARIABLE = YES;
				INSTALL_OWNER = aitorpagan;
				IPHONEOS_DEPLOYMENT_TARGET = 10.2;
				MTL_ENABLE_DEBUG_INFO = NO;
				SDKROOT = iphoneos;
				SWIFT_OPTIMIZATION_LEVEL = "-Owholemodule";
				TARGETED_DEVICE_FAMILY = "1,2";
				VALIDATE_PRODUCT = YES;
			};
			name = Release;
		};
		AE3344751E72C46400997CB5 /* Debug */ = {
			isa = XCBuildConfiguration;
			baseConfigurationReference = 32A74015F79131E9FB3AED2D /* Pods-theiostmdb.debug.xcconfig */;
			buildSettings = {
				ASSETCATALOG_COMPILER_APPICON_NAME = AppIcon;
				INFOPLIST_FILE = theiostmdb/Info.plist;
				LD_RUNPATH_SEARCH_PATHS = "$(inherited) @executable_path/Frameworks";
				PRODUCT_BUNDLE_IDENTIFIER = aitorpagan.theiostmdb;
				PRODUCT_NAME = "$(TARGET_NAME)";
				SWIFT_VERSION = 3.0;
			};
			name = Debug;
		};
		AE3344761E72C46400997CB5 /* Release */ = {
			isa = XCBuildConfiguration;
			baseConfigurationReference = 6918F77D5A0F94F6F77A0B9A /* Pods-theiostmdb.release.xcconfig */;
			buildSettings = {
				ASSETCATALOG_COMPILER_APPICON_NAME = AppIcon;
				INFOPLIST_FILE = theiostmdb/Info.plist;
				LD_RUNPATH_SEARCH_PATHS = "$(inherited) @executable_path/Frameworks";
				PRODUCT_BUNDLE_IDENTIFIER = aitorpagan.theiostmdb;
				PRODUCT_NAME = "$(TARGET_NAME)";
				SWIFT_VERSION = 3.0;
			};
			name = Release;
		};
/* End XCBuildConfiguration section */

/* Begin XCConfigurationList section */
		AE33445D1E72C46400997CB5 /* Build configuration list for PBXProject "theiostmdb" */ = {
			isa = XCConfigurationList;
			buildConfigurations = (
				AE3344721E72C46400997CB5 /* Debug */,
				AE3344731E72C46400997CB5 /* Release */,
			);
			defaultConfigurationIsVisible = 0;
			defaultConfigurationName = Release;
		};
		AE3344741E72C46400997CB5 /* Build configuration list for PBXNativeTarget "theiostmdb" */ = {
			isa = XCConfigurationList;
			buildConfigurations = (
				AE3344751E72C46400997CB5 /* Debug */,
				AE3344761E72C46400997CB5 /* Release */,
			);
			defaultConfigurationIsVisible = 0;
			defaultConfigurationName = Release;
		};
/* End XCConfigurationList section */
	};
	rootObject = AE33445A1E72C46400997CB5 /* Project object */;
}
